<?xml version="1.0" encoding="utf-8"?>
<Project ToolsVersion="4.0" xmlns="http://schemas.microsoft.com/developer/msbuild/2003">
  <ItemGroup>
    <Filter Include="资源文件">
      <UniqueIdentifier>{67DA6AB6-F800-4c08-8B7A-83BB121AAD01}</UniqueIdentifier>
      <Extensions>rc;ico;cur;bmp;dlg;rc2;rct;bin;rgs;gif;jpg;jpeg;jpe;resx;tiff;tif;png;wav;mfcribbon-ms</Extensions>
    </Filter>
    <Filter Include="src">
      <UniqueIdentifier>{4FC737F1-C7A5-4376-A066-2A32D752A2FF}</UniqueIdentifier>
      <Extensions>cpp;c;cc;cxx;def;odl;idl;hpj;bat;asm;asmx</Extensions>
    </Filter>
    <Filter Include="src\config">
      <UniqueIdentifier>{10f540c3-f7cc-4c2e-9a67-63d115038b1a}</UniqueIdentifier>
    </Filter>
    <Filter Include="src\open_source">
      <UniqueIdentifier>{5a16fc5a-984a-4645-8d9b-32c60842b943}</UniqueIdentifier>
    </Filter>
    <Filter Include="src\open_source\Json">
      <UniqueIdentifier>{749521f0-5117-43cb-905f-03cd5648b644}</UniqueIdentifier>
    </Filter>
    <Filter Include="src\open_source\Json\src">
      <UniqueIdentifier>{09289cf1-0434-4f05-abb1-21e447595641}</UniqueIdentifier>
    </Filter>
    <Filter Include="src\open_source\TinyXml">
      <UniqueIdentifier>{a3fbff25-5f3e-4953-84ea-26e9c00c06ee}</UniqueIdentifier>
    </Filter>
    <Filter Include="src\open_source\TinyXml\src">
      <UniqueIdentifier>{16aaa27c-179d-4578-8614-20888e858033}</UniqueIdentifier>
    </Filter>
    <Filter Include="src\Test">
      <UniqueIdentifier>{6b8ef945-a3ff-4057-ac60-17e7af60a34b}</UniqueIdentifier>
    </Filter>
    <Filter Include="src\Test\ACE_Test">
      <UniqueIdentifier>{dffb6e7b-dd00-4720-ad57-c858f735be9f}</UniqueIdentifier>
    </Filter>
    <Filter Include="src\Test\VC_Test">
      <UniqueIdentifier>{cab8bfc0-c6e6-4bbe-a7c8-1540f3dfa3de}</UniqueIdentifier>
    </Filter>
    <Filter Include="src\Test\C++_Test">
      <UniqueIdentifier>{cb73dccd-02c9-4340-b1a1-84a4115c1958}</UniqueIdentifier>
    </Filter>
    <Filter Include="src\Test\VC_Test\IOCP">
      <UniqueIdentifier>{4e010f12-bc88-42b4-88d5-fc6575ea9bde}</UniqueIdentifier>
    </Filter>
    <Filter Include="src\Test\VC_Test\select">
      <UniqueIdentifier>{ee570a70-22b0-464b-8ad1-47d0f4534eca}</UniqueIdentifier>
    </Filter>
    <Filter Include="src\Thread">
      <UniqueIdentifier>{f6c50465-f8ff-46d8-94b7-cf8a0653b515}</UniqueIdentifier>
    </Filter>
    <Filter Include="src\Thread\Win32">
      <UniqueIdentifier>{26e97178-d6e1-4119-9603-c67ab52936fb}</UniqueIdentifier>
    </Filter>
    <Filter Include="src\Event">
      <UniqueIdentifier>{954861d0-0017-4ffb-b26c-0f08f1a5f7d0}</UniqueIdentifier>
    </Filter>
    <Filter Include="src\Event\Win32">
      <UniqueIdentifier>{4cd662b2-1db2-420f-af79-b2009e73b31d}</UniqueIdentifier>
    </Filter>
    <Filter Include="src\CriticalSection">
      <UniqueIdentifier>{702f282c-bfc2-435c-93c6-b62c32a0f8f5}</UniqueIdentifier>
    </Filter>
    <Filter Include="src\Mutex">
      <UniqueIdentifier>{688a81ca-aced-4f57-9d98-2257461f17c2}</UniqueIdentifier>
    </Filter>
    <Filter Include="src\Mutex\Win32">
      <UniqueIdentifier>{2d62bbd9-7e11-43c9-ab47-77071dd66ac0}</UniqueIdentifier>
    </Filter>
    <Filter Include="src\Semaphore">
      <UniqueIdentifier>{424fa86e-c1df-41bd-8271-7ada0a6d2c6f}</UniqueIdentifier>
    </Filter>
    <Filter Include="src\Semaphore\Win32">
      <UniqueIdentifier>{cfe81325-6aec-4b49-8642-1aa93245dad8}</UniqueIdentifier>
    </Filter>
    <Filter Include="src\SynchronizationBarrier">
      <UniqueIdentifier>{efe21091-f66a-439a-8498-78f2a38e6c21}</UniqueIdentifier>
    </Filter>
    <Filter Include="src\ConditionVariable">
      <UniqueIdentifier>{c0c51eb5-649d-431c-93a6-87f4b660e313}</UniqueIdentifier>
    </Filter>
    <Filter Include="src\ConditionVariable\Win32">
      <UniqueIdentifier>{6d0921fe-4f33-4f65-9d69-e9ec65efa690}</UniqueIdentifier>
    </Filter>
    <Filter Include="src\APC">
      <UniqueIdentifier>{f7b3f8dc-bb3c-4822-b94a-fbc03fde77e1}</UniqueIdentifier>
    </Filter>
    <Filter Include="src\UDP">
      <UniqueIdentifier>{de879b84-f0ea-4efb-82fc-bae6a093554e}</UniqueIdentifier>
    </Filter>
  </ItemGroup>
  <ItemGroup>
    <ClCompile Include="engineMain.cpp">
      <Filter>src</Filter>
    </ClCompile>
    <ClCompile Include="config\config.cpp">
      <Filter>src\config</Filter>
    </ClCompile>
    <ClCompile Include="open_source\Json\src\json_reader.cpp">
      <Filter>src\open_source\Json\src</Filter>
    </ClCompile>
    <ClCompile Include="open_source\Json\src\json_value.cpp">
      <Filter>src\open_source\Json\src</Filter>
    </ClCompile>
    <ClCompile Include="open_source\Json\src\json_writer.cpp">
      <Filter>src\open_source\Json\src</Filter>
    </ClCompile>
    <ClCompile Include="test.cpp">
      <Filter>src</Filter>
    </ClCompile>
    <ClCompile Include="open_source\TinyXml\src\tinystr.cpp">
      <Filter>src\open_source\TinyXml\src</Filter>
    </ClCompile>
    <ClCompile Include="open_source\TinyXml\src\tinyxml.cpp">
      <Filter>src\open_source\TinyXml\src</Filter>
    </ClCompile>
    <ClCompile Include="open_source\TinyXml\src\tinyxmlerror.cpp">
      <Filter>src\open_source\TinyXml\src</Filter>
    </ClCompile>
    <ClCompile Include="open_source\TinyXml\src\tinyxmlparser.cpp">
      <Filter>src\open_source\TinyXml\src</Filter>
    </ClCompile>
    <ClCompile Include="Test\ACE_Test\ACE_FILE_Addr_Test.cpp">
      <Filter>src\Test\ACE_Test</Filter>
    </ClCompile>
    <ClCompile Include="Test\ACE_Test\ACE_Message_Block_Test.cpp">
      <Filter>src\Test\ACE_Test</Filter>
    </ClCompile>
    <ClCompile Include="Test\ACE_Test\ACE_Thread_Manager_Test.cpp">
      <Filter>src\Test\ACE_Test</Filter>
    </ClCompile>
    <ClCompile Include="Test\VC_Test\NetWork\IOCP\IOCP_Client_Test.cpp">
      <Filter>src\Test\VC_Test\IOCP</Filter>
    </ClCompile>
    <ClCompile Include="Test\VC_Test\NetWork\IOCP\IOCP_Server_Test.cpp">
      <Filter>src\Test\VC_Test\IOCP</Filter>
    </ClCompile>
    <ClCompile Include="Test\VC_Test\NetWork\select\select_Client_Test.cpp">
      <Filter>src\Test\VC_Test\select</Filter>
    </ClCompile>
    <ClCompile Include="Test\VC_Test\NetWork\select\select_Server_Test.cpp">
      <Filter>src\Test\VC_Test\select</Filter>
    </ClCompile>
    <ClCompile Include="Test\C++_Test\static_test.cpp">
      <Filter>src\Test\C++_Test</Filter>
    </ClCompile>
    <ClCompile Include="Thread\Win32\win32_thread.cpp">
      <Filter>src\Thread\Win32</Filter>
    </ClCompile>
    <ClCompile Include="Event\Win32\win32_event.cpp">
      <Filter>src\Event\Win32</Filter>
    </ClCompile>
    <ClCompile Include="CriticalSection\CriticalSection.cpp">
      <Filter>src\CriticalSection</Filter>
    </ClCompile>
    <ClCompile Include="Mutex\Win32\Win32_Mutex.cpp">
      <Filter>src\Mutex\Win32</Filter>
    </ClCompile>
    <ClCompile Include="Semaphore\Win32\win32_semaphore.cpp">
      <Filter>src\Semaphore\Win32</Filter>
    </ClCompile>
    <ClCompile Include="SynchronizationBarrier\SynchronizationBarrier.cpp">
      <Filter>src\SynchronizationBarrier</Filter>
    </ClCompile>
    <ClCompile Include="ConditionVariable\Win32\win32_ConditionVariable.cpp">
      <Filter>src\ConditionVariable\Win32</Filter>
    </ClCompile>
  </ItemGroup>
  <ItemGroup>
    <ClInclude Include="config\config.h">
      <Filter>src\config</Filter>
    </ClInclude>
    <ClInclude Include="open_source\Json\src\config.h">
      <Filter>src\open_source\Json\src</Filter>
    </ClInclude>
    <ClInclude Include="open_source\Json\src\features.h">
      <Filter>src\open_source\Json\src</Filter>
    </ClInclude>
    <ClInclude Include="open_source\Json\src\forwards.h">
      <Filter>src\open_source\Json\src</Filter>
    </ClInclude>
    <ClInclude Include="open_source\Json\src\json.h">
      <Filter>src\open_source\Json\src</Filter>
    </ClInclude>
    <ClInclude Include="open_source\Json\src\json_batchallocator.h">
      <Filter>src\open_source\Json\src</Filter>
    </ClInclude>
    <ClInclude Include="open_source\Json\src\reader.h">
      <Filter>src\open_source\Json\src</Filter>
    </ClInclude>
    <ClInclude Include="open_source\Json\src\value.h">
      <Filter>src\open_source\Json\src</Filter>
    </ClInclude>
    <ClInclude Include="open_source\Json\src\writer.h">
      <Filter>src\open_source\Json\src</Filter>
    </ClInclude>
    <ClInclude Include="open_source\Json\Json_Test.h">
      <Filter>src\open_source\Json</Filter>
    </ClInclude>
    <ClInclude Include="test.h">
      <Filter>src</Filter>
    </ClInclude>
    <ClInclude Include="open_source\TinyXml\src\tinystr.h">
      <Filter>src\open_source\TinyXml\src</Filter>
    </ClInclude>
    <ClInclude Include="open_source\TinyXml\src\tinyxml.h">
      <Filter>src\open_source\TinyXml\src</Filter>
    </ClInclude>
    <ClInclude Include="open_source\TinyXml\TinyXml_Test.h">
      <Filter>src\open_source\TinyXml</Filter>
    </ClInclude>
    <ClInclude Include="Test\ACE_Test\ACE_FILE_Addr_Test.h">
      <Filter>src\Test\ACE_Test</Filter>
    </ClInclude>
    <ClInclude Include="Test\ACE_Test\ACE_Include.h">
      <Filter>src\Test\ACE_Test</Filter>
    </ClInclude>
    <ClInclude Include="Test\ACE_Test\ACE_Message_Block_Test.h">
      <Filter>src\Test\ACE_Test</Filter>
    </ClInclude>
    <ClInclude Include="Test\ACE_Test\ACE_Thread_Manager_Test.h">
      <Filter>src\Test\ACE_Test</Filter>
    </ClInclude>
    <ClInclude Include="Test\VC_Test\NetWork\IOCP\IOCP_Client_Test.h">
      <Filter>src\Test\VC_Test\IOCP</Filter>
    </ClInclude>
    <ClInclude Include="Test\VC_Test\NetWork\IOCP\IOCP_Server_Test.h">
      <Filter>src\Test\VC_Test\IOCP</Filter>
    </ClInclude>
    <ClInclude Include="Test\VC_Test\NetWork\select\select_Client_Test.h">
      <Filter>src\Test\VC_Test\select</Filter>
    </ClInclude>
    <ClInclude Include="Test\VC_Test\NetWork\select\select_Server_Test.h">
      <Filter>src\Test\VC_Test\select</Filter>
    </ClInclude>
    <ClInclude Include="Test\C++_Test\static_test.h">
      <Filter>src\Test\C++_Test</Filter>
    </ClInclude>
    <ClInclude Include="Thread\Win32\win32_thread.h">
      <Filter>src\Thread\Win32</Filter>
    </ClInclude>
    <ClInclude Include="Event\Win32\win32_event.h">
      <Filter>src\Event\Win32</Filter>
    </ClInclude>
    <ClInclude Include="CriticalSection\CriticalSection.h">
      <Filter>src\CriticalSection</Filter>
    </ClInclude>
    <ClInclude Include="Mutex\Win32\Win32_Mutex.h">
      <Filter>src\Mutex\Win32</Filter>
    </ClInclude>
    <ClInclude Include="Semaphore\Win32\win32_semaphore.h">
      <Filter>src\Semaphore\Win32</Filter>
    </ClInclude>
    <ClInclude Include="SynchronizationBarrier\SynchronizationBarrier.h">
      <Filter>src\SynchronizationBarrier</Filter>
    </ClInclude>
    <ClInclude Include="ConditionVariable\Win32\win32_ConditionVariable.h">
      <Filter>src\ConditionVariable\Win32</Filter>
    </ClInclude>
    <ClInclude Include="APC\win32_apc.h">
      <Filter>src\APC</Filter>
    </ClInclude>
    <ClInclude Include="Test\C++_Test\swap.h">
      <Filter>src\Test\C++_Test</Filter>
    </ClInclude>
    <ClInclude Include="UDP\udp_client.h">
      <Filter>src\UDP</Filter>
    </ClInclude>
    <ClInclude Include="UDP\udp_server.h">
      <Filter>src\UDP</Filter>
    </ClInclude>
  </ItemGroup>
  <ItemGroup>
    <None Include="open_source\Json\src\json_internalarray.inl">
      <Filter>src\open_source\Json\src</Filter>
    </None>
    <None Include="open_source\Json\src\json_internalmap.inl">
      <Filter>src\open_source\Json\src</Filter>
    </None>
    <None Include="open_source\Json\src\json_valueiterator.inl">
      <Filter>src\open_source\Json\src</Filter>
    </None>
  </ItemGroup>
  <ItemGroup>
    <Text Include="config.txt">
      <Filter>资源文件</Filter>
    </Text>
  </ItemGroup>
</Project>